Microsoft Visual Studio Solution File, Format Version 12.00
# Visual Studio Version 17
VisualStudioVersion = 17.0.31903.59
MinimumVisualStudioVersion = 10.0.40219.1
Project("{9A19103F-16F7-4668-BE54-9A1E7A4F7556}") = "EventManagement.Domain", "src\EventManagement.Domain\EventManagement.Domain.csproj", "{GUID1}"
EndProject
Project("{9A19103F-16F7-4668-BE54-9A1E7A4F7556}") = "EventManagement.Console", "src\EventManagement.Console\EventManagement.Console.csproj", "{GUID2}"
EndProject
Project("{9A19103F-16F7-4668-BE54-9A1E7A4F7556}") = "EventManagement.Domain.Tests", "tests\EventManagement.Domain.Tests\EventManagement.Domain.Tests.csproj", "{GUID3}"
EndProject
Global
	GlobalSection(SolutionConfigurationPlatforms) = preSolution
		Debug|Any CPU = Debug|Any CPU
		Release|Any CPU = Release|Any CPU
	EndGlobalSection
	GlobalSection(ProjectConfigurationPlatforms) = postSolution
		{GUID1}.Debug|Any CPU.ActiveCfg = Debug|Any CPU
		{GUID1}.Debug|Any CPU.Build.0 = Debug|Any CPU
		{GUID1}.Release|Any CPU.ActiveCfg = Release|Any CPU
		{GUID1}.Release|Any CPU.Build.0 = Release|Any CPU
		{GUID2}.Debug|Any CPU.ActiveCfg = Debug|Any CPU
		{GUID2}.Debug|Any CPU.Build.0 = Debug|Any CPU
		{GUID2}.Release|Any CPU.ActiveCfg = Release|Any CPU
		{GUID2}.Release|Any CPU.Build.0 = Release|Any CPU
		{GUID3}.Debug|Any CPU.ActiveCfg = Debug|Any CPU
		{GUID3}.Debug|Any CPU.Build.0 = Debug|Any CPU
		{GUID3}.Release|Any CPU.ActiveCfg = Release|Any CPU
		{GUID3}.Release|Any CPU.Build.0 = Release|Any CPU
	EndGlobalSection
EndGlobal